
Microsoft Visual Studio Solution File, Format Version 12.00
# Visual Studio Version 17
VisualStudioVersion = 17.7.34202.233
MinimumVisualStudioVersion = 10.0.40219.1
Project("{FAE04EC0-301F-11D3-BF4B-00C04F79EFBC}") = "QuanLyBanPC", "QuanLyBanPC\QuanLyBanPC.csproj", "{72F490F9-7E1B-41D1-BD6F-633D1EEAB651}"
EndProject
Project("{54435603-DBB4-11D2-8724-00A0C9A8B90C}") = "SetupQLPC", "SetupQLPC\SetupQLPC.vdproj", "{FA90D4EA-92CC-47C3-9C51-EAC90D837DF4}"
EndProject
Global
	GlobalSection(SolutionConfigurationPlatforms) = preSolution
		Debug|Any CPU = Debug|Any CPU
		Release|Any CPU = Release|Any CPU
	EndGlobalSection
	GlobalSection(ProjectConfigurationPlatforms) = postSolution
		{72F490F9-7E1B-41D1-BD6F-633D1EEAB651}.Debug|Any CPU.ActiveCfg = Debug|Any CPU
		{72F490F9-7E1B-41D1-BD6F-633D1EEAB651}.Debug|Any CPU.Build.0 = Debug|Any CPU
		{72F490F9-7E1B-41D1-BD6F-633D1EEAB651}.Release|Any CPU.ActiveCfg = Release|Any CPU
		{72F490F9-7E1B-41D1-BD6F-633D1EEAB651}.Release|Any CPU.Build.0 = Release|Any CPU
		{FA90D4EA-92CC-47C3-9C51-EAC90D837DF4}.Debug|Any CPU.ActiveCfg = Debug
		{FA90D4EA-92CC-47C3-9C51-EAC90D837DF4}.Release|Any CPU.ActiveCfg = Release
	EndGlobalSection
	GlobalSection(SolutionProperties) = preSolution
		HideSolutionNode = FALSE
	EndGlobalSection
	GlobalSection(ExtensibilityGlobals) = postSolution
		SolutionGuid = {B897A208-A0B9-4E29-BDC4-48B543F3AB0F}
	EndGlobalSection
EndGlobal
